{
    "_meta": {
        "hash": {
            "sha256": "4e4f7f53afdad0f542571344649192f8d42651ad4926ae0febd0217357c148ee"
        },
        "pipfile-spec": 6,
        "requires": {
            "python_full_version": "3.12.4",
            "python_version": "3.12"
        },
        "sources": [
            {
                "name": "pypi",
                "url": "https://pypi.org/simple",
                "verify_ssl": true
            }
        ]
    },
    "default": {},
    "develop": {}
}
